// !$*UTF8*$!
{
	archiveVersion = 1;
	classes = {
	};
	objectVersion = 56;
	objects = {

/* Begin PBXBuildFile section */
		55B4AE712F362F5A0073BD76 /* PokedexApp.swift in Sources */ = {isa = PBXBuildFile; fileRef = 55B4AE702F362F5A0073BD76 /* PokedexApp.swift */; };
		55B4AE732F362F5A0073BD76 /* ContentView.swift in Sources */ = {isa = PBXBuildFile; fileRef = 55B4AE722F362F5A0073BD76 /* ContentView.swift */; };
		55B4AE752F362F5D0073BD76 /* Assets.xcassets in Resources */ = {isa = PBXBuildFile; fileRef = 55B4AE742F362F5D0073BD76 /* Assets.xcassets */; };
		55B4AE782F362F5D0073BD76 /* Preview Assets.xcassets in Resources */ = {isa = PBXBuildFile; fileRef = 55B4AE772F362F5D0073BD76 /* Preview Assets.xcassets */; };
		55B4AE822F362F5D0073BD76 /* PokedexTests.swift in Sources */ = {isa = PBXBuildFile; fileRef = 55B4AE812F362F5D0073BD76 /* PokedexTests.swift */; };
		55B4AE8C2F362F5D0073BD76 /* PokedexUITests.swift in Sources */ = {isa = PBXBuildFile; fileRef = 55B4AE8B2F362F5D0073BD76 /* PokedexUITests.swift */; };
		55B4AE8E2F362F5D0073BD76 /* PokedexUITestsLaunchTests.swift in Sources */ = {isa = PBXBuildFile; fileRef = 55B4AE8D2F362F5D0073BD76 /* PokedexUITestsLaunchTests.swift */; };
		55B4AE9F2F363A780073BD76 /* MockView.swift in Sources */ = {isa = PBXBuildFile; fileRef = 55B4AE9E2F363A780073BD76 /* MockView.swift */; };
		55B4AEA12F363AC70073BD76 /* PokeError.swift in Sources */ = {isa = PBXBuildFile; fileRef = 55B4AEA02F363AC70073BD76 /* PokeError.swift */; };
		55B4AEA32F363B160073BD76 /* PokeAPI.swift in Sources */ = {isa = PBXBuildFile; fileRef = 55B4AEA22F363B160073BD76 /* PokeAPI.swift */; };
		55B4AEA52F363C1A0073BD76 /* PokemonModel.swift in Sources */ = {isa = PBXBuildFile; fileRef = 55B4AEA42F363C1A0073BD76 /* PokemonModel.swift */; };
/* End PBXBuildFile section */

/* Begin PBXContainerItemProxy section */
		55B4AE7E2F362F5D0073BD76 /* PBXContainerItemProxy */ = {
			isa = PBXContainerItemProxy;
			containerPortal = 55B4AE652F362F5A0073BD76 /* Project object */;
			proxyType = 1;
			remoteGlobalIDString = 55B4AE6C2F362F5A0073BD76;
			remoteInfo = Pokedex;
		};
		55B4AE882F362F5D0073BD76 /* PBXContainerItemProxy */ = {
			isa = PBXContainerItemProxy;
			containerPortal = 55B4AE652F362F5A0073BD76 /* Project object */;
			proxyType = 1;
			remoteGlobalIDString = 55B4AE6C2F362F5A0073BD76;
			remoteInfo = Pokedex;
		};
/* End PBXContainerItemProxy section */

/* Begin PBXFileReference section */
		55B4AE6D2F362F5A0073BD76 /* Pokedex.app */ = {isa = PBXFileReference; explicitFileType = wrapper.application; includeInIndex = 0; path = Pokedex.app; sourceTree = BUILT_PRODUCTS_DIR; };
		55B4AE702F362F5A0073BD76 /* PokedexApp.swift */ = {isa = PBXFileReference; lastKnownFileType = sourcecode.swift; path = PokedexApp.swift; sourceTree = "<group>"; };
		55B4AE722F362F5A0073BD76 /* ContentView.swift */ = {isa = PBXFileReference; lastKnownFileType = sourcecode.swift; path = ContentView.swift; sourceTree = "<group>"; };
		55B4AE742F362F5D0073BD76 /* Assets.xcassets */ = {isa = PBXFileReference; lastKnownFileType = folder.assetcatalog; path = Assets.xcassets; sourceTree = "<group>"; };
		55B4AE772F362F5D0073BD76 /* Preview Assets.xcassets */ = {isa = PBXFileReference; lastKnownFileType = folder.assetcatalog; path = "Preview Assets.xcassets"; sourceTree = "<group>"; };
		55B4AE7D2F362F5D0073BD76 /* PokedexTests.xctest */ = {isa = PBXFileReference; explicitFileType = wrapper.cfbundle; includeInIndex = 0; path = PokedexTests.xctest; sourceTree = BUILT_PRODUCTS_DIR; };
		55B4AE812F362F5D0073BD76 /* PokedexTests.swift */ = {isa = PBXFileReference; lastKnownFileType = sourcecode.swift; path = PokedexTests.swift; sourceTree = "<group>"; };
		55B4AE872F362F5D0073BD76 /* PokedexUITests.xctest */ = {isa = PBXFileReference; explicitFileType = wrapper.cfbundle; includeInIndex = 0; path = PokedexUITests.xctest; sourceTree = BUILT_PRODUCTS_DIR; };
		55B4AE8B2F362F5D0073BD76 /* PokedexUITests.swift */ = {isa = PBXFileReference; lastKnownFileType = sourcecode.swift; path = PokedexUITests.swift; sourceTree = "<group>"; };
		55B4AE8D2F362F5D0073BD76 /* PokedexUITestsLaunchTests.swift */ = {isa = PBXFileReference; lastKnownFileType = sourcecode.swift; path = PokedexUITestsLaunchTests.swift; sourceTree = "<group>"; };
		55B4AE9E2F363A780073BD76 /* MockView.swift */ = {isa = PBXFileReference; lastKnownFileType = sourcecode.swift; path = MockView.swift; sourceTree = "<group>"; };
		55B4AEA02F363AC70073BD76 /* PokeError.swift */ = {isa = PBXFileReference; lastKnownFileType = sourcecode.swift; path = PokeError.swift; sourceTree = "<group>"; };
		55B4AEA22F363B160073BD76 /* PokeAPI.swift */ = {isa = PBXFileReference; lastKnownFileType = sourcecode.swift; path = PokeAPI.swift; sourceTree = "<group>"; };
		55B4AEA42F363C1A0073BD76 /* PokemonModel.swift */ = {isa = PBXFileReference; lastKnownFileType = sourcecode.swift; path = PokemonModel.swift; sourceTree = "<group>"; };
/* End PBXFileReference section */

/* Begin PBXFrameworksBuildPhase section */
		55B4AE6A2F362F5A0073BD76 /* Frameworks */ = {
			isa = PBXFrameworksBuildPhase;
			buildActionMask = 2147483647;
			files = (
			);
			runOnlyForDeploymentPostprocessing = 0;
		};
		55B4AE7A2F362F5D0073BD76 /* Frameworks */ = {
			isa = PBXFrameworksBuildPhase;
			buildActionMask = 2147483647;
			files = (
			);
			runOnlyForDeploymentPostprocessing = 0;
		};
		55B4AE842F362F5D0073BD76 /* Frameworks */ = {
			isa = PBXFrameworksBuildPhase;
			buildActionMask = 2147483647;
			files = (
			);
			runOnlyForDeploymentPostprocessing = 0;
		};
/* End PBXFrameworksBuildPhase section */

/* Begin PBXGroup section */
		55B4AE642F362F5A0073BD76 = {
			isa = PBXGroup;
			children = (
				55B4AE6F2F362F5A0073BD76 /* Pokedex */,
				55B4AE802F362F5D0073BD76 /* PokedexTests */,
				55B4AE8A2F362F5D0073BD76 /* PokedexUITests */,
				55B4AE6E2F362F5A0073BD76 /* Products */,
			);
			sourceTree = "<group>";
		};
		55B4AE6E2F362F5A0073BD76 /* Products */ = {
			isa = PBXGroup;
			children = (
				55B4AE6D2F362F5A0073BD76 /* Pokedex.app */,
				55B4AE7D2F362F5D0073BD76 /* PokedexTests.xctest */,
				55B4AE872F362F5D0073BD76 /* PokedexUITests.xctest */,
			);
			name = Products;
			sourceTree = "<group>";
		};
		55B4AE6F2F362F5A0073BD76 /* Pokedex */ = {
			isa = PBXGroup;
			children = (
				55B4AE9D2F3635690073BD76 /* View */,
				55B4AE9C2F36355D0073BD76 /* Model */,
				55B4AE9A2F3634B70073BD76 /* Data */,
				55B4AE702F362F5A0073BD76 /* PokedexApp.swift */,
				55B4AE722F362F5A0073BD76 /* ContentView.swift */,
				55B4AE742F362F5D0073BD76 /* Assets.xcassets */,
				55B4AE762F362F5D0073BD76 /* Preview Content */,
			);
			path = Pokedex;
			sourceTree = "<group>";
		};
		55B4AE762F362F5D0073BD76 /* Preview Content */ = {
			isa = PBXGroup;
			children = (
				55B4AE772F362F5D0073BD76 /* Preview Assets.xcassets */,
			);
			path = "Preview Content";
			sourceTree = "<group>";
		};
		55B4AE802F362F5D0073BD76 /* PokedexTests */ = {
			isa = PBXGroup;
			children = (
				55B4AE812F362F5D0073BD76 /* PokedexTests.swift */,
			);
			path = PokedexTests;
			sourceTree = "<group>";
		};
		55B4AE8A2F362F5D0073BD76 /* PokedexUITests */ = {
			isa = PBXGroup;
			children = (
				55B4AE8B2F362F5D0073BD76 /* PokedexUITests.swift */,
				55B4AE8D2F362F5D0073BD76 /* PokedexUITestsLaunchTests.swift */,
			);
			path = PokedexUITests;
			sourceTree = "<group>";
		};
		55B4AE9A2F3634B70073BD76 /* Data */ = {
			isa = PBXGroup;
			children = (
				55B4AEA02F363AC70073BD76 /* PokeError.swift */,
				55B4AEA22F363B160073BD76 /* PokeAPI.swift */,
			);
			path = Data;
			sourceTree = "<group>";
		};
		55B4AE9C2F36355D0073BD76 /* Model */ = {
			isa = PBXGroup;
			children = (
				55B4AEA42F363C1A0073BD76 /* PokemonModel.swift */,
			);
			path = Model;
			sourceTree = "<group>";
		};
		55B4AE9D2F3635690073BD76 /* View */ = {
			isa = PBXGroup;
			children = (
				55B4AE9E2F363A780073BD76 /* MockView.swift */,
			);
			path = View;
			sourceTree = "<group>";
		};
/* End PBXGroup section */

/* Begin PBXNativeTarget section */
		55B4AE6C2F362F5A0073BD76 /* Pokedex */ = {
			isa = PBXNativeTarget;
			buildConfigurationList = 55B4AE912F362F5D0073BD76 /* Build configuration list for PBXNativeTarget "Pokedex" */;
			buildPhases = (
				55B4AE692F362F5A0073BD76 /* Sources */,
				55B4AE6A2F362F5A0073BD76 /* Frameworks */,
				55B4AE6B2F362F5A0073BD76 /* Resources */,
			);
			buildRules = (
			);
			dependencies = (
			);
			name = Pokedex;
			productName = Pokedex;
			productReference = 55B4AE6D2F362F5A0073BD76 /* Pokedex.app */;
			productType = "com.apple.product-type.application";
		};
		55B4AE7C2F362F5D0073BD76 /* PokedexTests */ = {
			isa = PBXNativeTarget;
			buildConfigurationList = 55B4AE942F362F5D0073BD76 /* Build configuration list for PBXNativeTarget "PokedexTests" */;
			buildPhases = (
				55B4AE792F362F5D0073BD76 /* Sources */,
				55B4AE7A2F362F5D0073BD76 /* Frameworks */,
				55B4AE7B2F362F5D0073BD76 /* Resources */,
			);
			buildRules = (
			);
			dependencies = (
				55B4AE7F2F362F5D0073BD76 /* PBXTargetDependency */,
			);
			name = PokedexTests;
			productName = PokedexTests;
			productReference = 55B4AE7D2F362F5D0073BD76 /* PokedexTests.xctest */;
			productType = "com.apple.product-type.bundle.unit-test";
		};
		55B4AE862F362F5D0073BD76 /* PokedexUITests */ = {
			isa = PBXNativeTarget;
			buildConfigurationList = 55B4AE972F362F5D0073BD76 /* Build configuration list for PBXNativeTarget "PokedexUITests" */;
			buildPhases = (
				55B4AE832F362F5D0073BD76 /* Sources */,
				55B4AE842F362F5D0073BD76 /* Frameworks */,
				55B4AE852F362F5D0073BD76 /* Resources */,
			);
			buildRules = (
			);
			dependencies = (
				55B4AE892F362F5D0073BD76 /* PBXTargetDependency */,
			);
			name = PokedexUITests;
			productName = PokedexUITests;
			productReference = 55B4AE872F362F5D0073BD76 /* PokedexUITests.xctest */;
			productType = "com.apple.product-type.bundle.ui-testing";
		};
/* End PBXNativeTarget section */

/* Begin PBXProject section */
		55B4AE652F362F5A0073BD76 /* Project object */ = {
			isa = PBXProject;
			attributes = {
				BuildIndependentTargetsInParallel = 1;
				LastSwiftUpdateCheck = 1520;
				LastUpgradeCheck = 1520;
				TargetAttributes = {
					55B4AE6C2F362F5A0073BD76 = {
						CreatedOnToolsVersion = 15.2;
					};
					55B4AE7C2F362F5D0073BD76 = {
						CreatedOnToolsVersion = 15.2;
						TestTargetID = 55B4AE6C2F362F5A0073BD76;
					};
					55B4AE862F362F5D0073BD76 = {
						CreatedOnToolsVersion = 15.2;
						TestTargetID = 55B4AE6C2F362F5A0073BD76;
					};
				};
			};
			buildConfigurationList = 55B4AE682F362F5A0073BD76 /* Build configuration list for PBXProject "Pokedex" */;
			compatibilityVersion = "Xcode 14.0";
			developmentRegion = en;
			hasScannedForEncodings = 0;
			knownRegions = (
				en,
				Base,
			);
			mainGroup = 55B4AE642F362F5A0073BD76;
			productRefGroup = 55B4AE6E2F362F5A0073BD76 /* Products */;
			projectDirPath = "";
			projectRoot = "";
			targets = (
				55B4AE6C2F362F5A0073BD76 /* Pokedex */,
				55B4AE7C2F362F5D0073BD76 /* PokedexTests */,
				55B4AE862F362F5D0073BD76 /* PokedexUITests */,
			);
		};
/* End PBXProject section */

/* Begin PBXResourcesBuildPhase section */
		55B4AE6B2F362F5A0073BD76 /* Resources */ = {
			isa = PBXResourcesBuildPhase;
			buildActionMask = 2147483647;
			files = (
				55B4AE782F362F5D0073BD76 /* Preview Assets.xcassets in Resources */,
				55B4AE752F362F5D0073BD76 /* Assets.xcassets in Resources */,
			);
			runOnlyForDeploymentPostprocessing = 0;
		};
		55B4AE7B2F362F5D0073BD76 /* Resources */ = {
			isa = PBXResourcesBuildPhase;
			buildActionMask = 2147483647;
			files = (
			);
			runOnlyForDeploymentPostprocessing = 0;
		};
		55B4AE852F362F5D0073BD76 /* Resources */ = {
			isa = PBXResourcesBuildPhase;
			buildActionMask = 2147483647;
			files = (
			);
			runOnlyForDeploymentPostprocessing = 0;
		};
/* End PBXResourcesBuildPhase section */

/* Begin PBXSourcesBuildPhase section */
		55B4AE692F362F5A0073BD76 /* Sources */ = {
			isa = PBXSourcesBuildPhase;
			buildActionMask = 2147483647;
			files = (
				55B4AEA32F363B160073BD76 /* PokeAPI.swift in Sources */,
				55B4AEA52F363C1A0073BD76 /* PokemonModel.swift in Sources */,
				55B4AE732F362F5A0073BD76 /* ContentView.swift in Sources */,
				55B4AEA12F363AC70073BD76 /* PokeError.swift in Sources */,
				55B4AE712F362F5A0073BD76 /* PokedexApp.swift in Sources */,
				55B4AE9F2F363A780073BD76 /* MockView.swift in Sources */,
			);
			runOnlyForDeploymentPostprocessing = 0;
		};
		55B4AE792F362F5D0073BD76 /* Sources */ = {
			isa = PBXSourcesBuildPhase;
			buildActionMask = 2147483647;
			files = (
				55B4AE822F362F5D0073BD76 /* PokedexTests.swift in Sources */,
			);
			runOnlyForDeploymentPostprocessing = 0;
		};
		55B4AE832F362F5D0073BD76 /* Sources */ = {
			isa = PBXSourcesBuildPhase;
			buildActionMask = 2147483647;
			files = (
				55B4AE8C2F362F5D0073BD76 /* PokedexUITests.swift in Sources */,
				55B4AE8E2F362F5D0073BD76 /* PokedexUITestsLaunchTests.swift in Sources */,
			);
			runOnlyForDeploymentPostprocessing = 0;
		};
/* End PBXSourcesBuildPhase section */

/* Begin PBXTargetDependency section */
		55B4AE7F2F362F5D0073BD76 /* PBXTargetDependency */ = {
			isa = PBXTargetDependency;
			target = 55B4AE6C2F362F5A0073BD76 /* Pokedex */;
			targetProxy = 55B4AE7E2F362F5D0073BD76 /* PBXContainerItemProxy */;
		};
		55B4AE892F362F5D0073BD76 /* PBXTargetDependency */ = {
			isa = PBXTargetDependency;
			target = 55B4AE6C2F362F5A0073BD76 /* Pokedex */;
			targetProxy = 55B4AE882F362F5D0073BD76 /* PBXContainerItemProxy */;
		};
/* End PBXTargetDependency section */

/* Begin XCBuildConfiguration section */
		55B4AE8F2F362F5D0073BD76 /* Debug */ = {
			isa = XCBuildConfiguration;
			buildSettings = {
				ALWAYS_SEARCH_USER_PATHS = NO;
				ASSETCATALOG_COMPILER_GENERATE_SWIFT_ASSET_SYMBOL_EXTENSIONS = YES;
				CLANG_ANALYZER_NONNULL = YES;
				CLANG_ANALYZER_NUMBER_OBJECT_CONVERSION = YES_AGGRESSIVE;
				CLANG_CXX_LANGUAGE_STANDARD = "gnu++20";
				CLANG_ENABLE_MODULES = YES;
				CLANG_ENABLE_OBJC_ARC = YES;
				CLANG_ENABLE_OBJC_WEAK = YES;
				CLANG_WARN_BLOCK_CAPTURE_AUTORELEASING = YES;
				CLANG_WARN_BOOL_CONVERSION = YES;
				CLANG_WARN_COMMA = YES;
				CLANG_WARN_CONSTANT_CONVERSION = YES;
				CLANG_WARN_DEPRECATED_OBJC_IMPLEMENTATIONS = YES;
				CLANG_WARN_DIRECT_OBJC_ISA_USAGE = YES_ERROR;
				CLANG_WARN_DOCUMENTATION_COMMENTS = YES;
				CLANG_WARN_EMPTY_BODY = YES;
				CLANG_WARN_ENUM_CONVERSION = YES;
				CLANG_WARN_INFINITE_RECURSION = YES;
				CLANG_WARN_INT_CONVERSION = YES;
				CLANG_WARN_NON_LITERAL_NULL_CONVERSION = YES;
				CLANG_WARN_OBJC_IMPLICIT_RETAIN_SELF = YES;
				CLANG_WARN_OBJC_LITERAL_CONVERSION = YES;
				CLANG_WARN_OBJC_ROOT_CLASS = YES_ERROR;
				CLANG_WARN_QUOTED_INCLUDE_IN_FRAMEWORK_HEADER = YES;
				CLANG_WARN_RANGE_LOOP_ANALYSIS = YES;
				CLANG_WARN_STRICT_PROTOTYPES = YES;
				CLANG_WARN_SUSPICIOUS_MOVE = YES;
				CLANG_WARN_UNGUARDED_AVAILABILITY = YES_AGGRESSIVE;
				CLANG_WARN_UNREACHABLE_CODE = YES;
				CLANG_WARN__DUPLICATE_METHOD_MATCH = YES;
				COPY_PHASE_STRIP = NO;
				DEBUG_INFORMATION_FORMAT = dwarf;
				ENABLE_STRICT_OBJC_MSGSEND = YES;
				ENABLE_TESTABILITY = YES;
				ENABLE_USER_SCRIPT_SANDBOXING = YES;
				GCC_C_LANGUAGE_STANDARD = gnu17;
				GCC_DYNAMIC_NO_PIC = NO;
				GCC_NO_COMMON_BLOCKS = YES;
				GCC_OPTIMIZATION_LEVEL = 0;
				GCC_PREPROCESSOR_DEFINITIONS = (
					"DEBUG=1",
					"$(inherited)",
				);
				GCC_WARN_64_TO_32_BIT_CONVERSION = YES;
				GCC_WARN_ABOUT_RETURN_TYPE = YES_ERROR;
				GCC_WARN_UNDECLARED_SELECTOR = YES;
				GCC_WARN_UNINITIALIZED_AUTOS = YES_AGGRESSIVE;
				GCC_WARN_UNUSED_FUNCTION = YES;
				GCC_WARN_UNUSED_VARIABLE = YES;
				IPHONEOS_DEPLOYMENT_TARGET = 17.2;
				LOCALIZATION_PREFERS_STRING_CATALOGS = YES;
				MTL_ENABLE_DEBUG_INFO = INCLUDE_SOURCE;
				MTL_FAST_MATH = YES;
				ONLY_ACTIVE_ARCH = YES;
				SDKROOT = iphoneos;
				SWIFT_ACTIVE_COMPILATION_CONDITIONS = "DEBUG $(inherited)";
				SWIFT_OPTIMIZATION_LEVEL = "-Onone";
			};
			name = Debug;
		};
		55B4AE902F362F5D0073BD76 /* Release */ = {
			isa = XCBuildConfiguration;
			buildSettings = {
				ALWAYS_SEARCH_USER_PATHS = NO;
				ASSETCATALOG_COMPILER_GENERATE_SWIFT_ASSET_SYMBOL_EXTENSIONS = YES;
				CLANG_ANALYZER_NONNULL = YES;
				CLANG_ANALYZER_NUMBER_OBJECT_CONVERSION = YES_AGGRESSIVE;
				CLANG_CXX_LANGUAGE_STANDARD = "gnu++20";
				CLANG_ENABLE_MODULES = YES;
				CLANG_ENABLE_OBJC_ARC = YES;
				CLANG_ENABLE_OBJC_WEAK = YES;
				CLANG_WARN_BLOCK_CAPTURE_AUTORELEASING = YES;
				CLANG_WARN_BOOL_CONVERSION = YES;
				CLANG_WARN_COMMA = YES;
				CLANG_WARN_CONSTANT_CONVERSION = YES;
				CLANG_WARN_DEPRECATED_OBJC_IMPLEMENTATIONS = YES;
				CLANG_WARN_DIRECT_OBJC_ISA_USAGE = YES_ERROR;
				CLANG_WARN_DOCUMENTATION_COMMENTS = YES;
				CLANG_WARN_EMPTY_BODY = YES;
				CLANG_WARN_ENUM_CONVERSION = YES;
				CLANG_WARN_INFINITE_RECURSION = YES;
				CLANG_WARN_INT_CONVERSION = YES;
				CLANG_WARN_NON_LITERAL_NULL_CONVERSION = YES;
				CLANG_WARN_OBJC_IMPLICIT_RETAIN_SELF = YES;
				CLANG_WARN_OBJC_LITERAL_CONVERSION = YES;
				CLANG_WARN_OBJC_ROOT_CLASS = YES_ERROR;
				CLANG_WARN_QUOTED_INCLUDE_IN_FRAMEWORK_HEADER = YES;
				CLANG_WARN_RANGE_LOOP_ANALYSIS = YES;
				CLANG_WARN_STRICT_PROTOTYPES = YES;
				CLANG_WARN_SUSPICIOUS_MOVE = YES;
				CLANG_WARN_UNGUARDED_AVAILABILITY = YES_AGGRESSIVE;
				CLANG_WARN_UNREACHABLE_CODE = YES;
				CLANG_WARN__DUPLICATE_METHOD_MATCH = YES;
				COPY_PHASE_STRIP = NO;
				DEBUG_INFORMATION_FORMAT = "dwarf-with-dsym";
				ENABLE_NS_ASSERTIONS = NO;
				ENABLE_STRICT_OBJC_MSGSEND = YES;
				ENABLE_USER_SCRIPT_SANDBOXING = YES;
				GCC_C_LANGUAGE_STANDARD = gnu17;
				GCC_NO_COMMON_BLOCKS = YES;
				GCC_WARN_64_TO_32_BIT_CONVERSION = YES;
				GCC_WARN_ABOUT_RETURN_TYPE = YES_ERROR;
				GCC_WARN_UNDECLARED_SELECTOR = YES;
				GCC_WARN_UNINITIALIZED_AUTOS = YES_AGGRESSIVE;
				GCC_WARN_UNUSED_FUNCTION = YES;
				GCC_WARN_UNUSED_VARIABLE = YES;
				IPHONEOS_DEPLOYMENT_TARGET = 17.2;
				LOCALIZATION_PREFERS_STRING_CATALOGS = YES;
				MTL_ENABLE_DEBUG_INFO = NO;
				MTL_FAST_MATH = YES;
				SDKROOT = iphoneos;
				SWIFT_COMPILATION_MODE = wholemodule;
				VALIDATE_PRODUCT = YES;
			};
			name = Release;
		};
		55B4AE922F362F5D0073BD76 /* Debug */ = {
			isa = XCBuildConfiguration;
			buildSettings = {
				ASSETCATALOG_COMPILER_APPICON_NAME = AppIcon;
				ASSETCATALOG_COMPILER_GLOBAL_ACCENT_COLOR_NAME = AccentColor;
				CODE_SIGN_STYLE = Automatic;
				CURRENT_PROJECT_VERSION = 1;
				DEVELOPMENT_ASSET_PATHS = "\"Pokedex/Preview Content\"";
				ENABLE_PREVIEWS = YES;
				GENERATE_INFOPLIST_FILE = YES;
				INFOPLIST_KEY_UIApplicationSceneManifest_Generation = YES;
				INFOPLIST_KEY_UIApplicationSupportsIndirectInputEvents = YES;
				INFOPLIST_KEY_UILaunchScreen_Generation = YES;
				INFOPLIST_KEY_UISupportedInterfaceOrientations_iPad = "UIInterfaceOrientationPortrait UIInterfaceOrientationPortraitUpsideDown UIInterfaceOrientationLandscapeLeft UIInterfaceOrientationLandscapeRight";
				INFOPLIST_KEY_UISupportedInterfaceOrientations_iPhone = "UIInterfaceOrientationPortrait UIInterfaceOrientationLandscapeLeft UIInterfaceOrientationLandscapeRight";
				IPHONEOS_DEPLOYMENT_TARGET = 16.4;
				LD_RUNPATH_SEARCH_PATHS = (
					"$(inherited)",
					"@executable_path/Frameworks",
				);
				MARKETING_VERSION = 1.0;
				PRODUCT_BUNDLE_IDENTIFIER = com.pokegroup.Pokedex;
				PRODUCT_NAME = "$(TARGET_NAME)";
				SWIFT_EMIT_LOC_STRINGS = YES;
				SWIFT_VERSION = 5.0;
				TARGETED_DEVICE_FAMILY = "1,2";
			};
			name = Debug;
		};
		55B4AE932F362F5D0073BD76 /* Release */ = {
			isa = XCBuildConfiguration;
			buildSettings = {
				ASSETCATALOG_COMPILER_APPICON_NAME = AppIcon;
				ASSETCATALOG_COMPILER_GLOBAL_ACCENT_COLOR_NAME = AccentColor;
				CODE_SIGN_STYLE = Automatic;
				CURRENT_PROJECT_VERSION = 1;
				DEVELOPMENT_ASSET_PATHS = "\"Pokedex/Preview Content\"";
				ENABLE_PREVIEWS = YES;
				GENERATE_INFOPLIST_FILE = YES;
				INFOPLIST_KEY_UIApplicationSceneManifest_Generation = YES;
				INFOPLIST_KEY_UIApplicationSupportsIndirectInputEvents = YES;
				INFOPLIST_KEY_UILaunchScreen_Generation = YES;
				INFOPLIST_KEY_UISupportedInterfaceOrientations_iPad = "UIInterfaceOrientationPortrait UIInterfaceOrientationPortraitUpsideDown UIInterfaceOrientationLandscapeLeft UIInterfaceOrientationLandscapeRight";
				INFOPLIST_KEY_UISupportedInterfaceOrientations_iPhone = "UIInterfaceOrientationPortrait UIInterfaceOrientationLandscapeLeft UIInterfaceOrientationLandscapeRight";
				IPHONEOS_DEPLOYMENT_TARGET = 16.4;
				LD_RUNPATH_SEARCH_PATHS = (
					"$(inherited)",
					"@executable_path/Frameworks",
				);
				MARKETING_VERSION = 1.0;
				PRODUCT_BUNDLE_IDENTIFIER = com.pokegroup.Pokedex;
				PRODUCT_NAME = "$(TARGET_NAME)";
				SWIFT_EMIT_LOC_STRINGS = YES;
				SWIFT_VERSION = 5.0;
				TARGETED_DEVICE_FAMILY = "1,2";
			};
			name = Release;
		};
		55B4AE952F362F5D0073BD76 /* Debug */ = {
			isa = XCBuildConfiguration;
			buildSettings = {
				ALWAYS_EMBED_SWIFT_STANDARD_LIBRARIES = YES;
				BUNDLE_LOADER = "$(TEST_HOST)";
				CODE_SIGN_STYLE = Automatic;
				CURRENT_PROJECT_VERSION = 1;
				GENERATE_INFOPLIST_FILE = YES;
				IPHONEOS_DEPLOYMENT_TARGET = 17.2;
				MARKETING_VERSION = 1.0;
				PRODUCT_BUNDLE_IDENTIFIER = com.pokegroup.PokedexTests;
				PRODUCT_NAME = "$(TARGET_NAME)";
				SWIFT_EMIT_LOC_STRINGS = NO;
				SWIFT_VERSION = 5.0;
				TARGETED_DEVICE_FAMILY = "1,2";
				TEST_HOST = "$(BUILT_PRODUCTS_DIR)/Pokedex.app/$(BUNDLE_EXECUTABLE_FOLDER_PATH)/Pokedex";
			};
			name = Debug;
		};
		55B4AE962F362F5D0073BD76 /* Release */ = {
			isa = XCBuildConfiguration;
			buildSettings = {
				ALWAYS_EMBED_SWIFT_STANDARD_LIBRARIES = YES;
				BUNDLE_LOADER = "$(TEST_HOST)";
				CODE_SIGN_STYLE = Automatic;
				CURRENT_PROJECT_VERSION = 1;
				GENERATE_INFOPLIST_FILE = YES;
				IPHONEOS_DEPLOYMENT_TARGET = 17.2;
				MARKETING_VERSION = 1.0;
				PRODUCT_BUNDLE_IDENTIFIER = com.pokegroup.PokedexTests;
				PRODUCT_NAME = "$(TARGET_NAME)";
				SWIFT_EMIT_LOC_STRINGS = NO;
				SWIFT_VERSION = 5.0;
				TARGETED_DEVICE_FAMILY = "1,2";
				TEST_HOST = "$(BUILT_PRODUCTS_DIR)/Pokedex.app/$(BUNDLE_EXECUTABLE_FOLDER_PATH)/Pokedex";
			};
			name = Release;
		};
		55B4AE982F362F5D0073BD76 /* Debug */ = {
			isa = XCBuildConfiguration;
			buildSettings = {
				ALWAYS_EMBED_SWIFT_STANDARD_LIBRARIES = YES;
				CODE_SIGN_STYLE = Automatic;
				CURRENT_PROJECT_VERSION = 1;
				GENERATE_INFOPLIST_FILE = YES;
				MARKETING_VERSION = 1.0;
				PRODUCT_BUNDLE_IDENTIFIER = com.pokegroup.PokedexUITests;
				PRODUCT_NAME = "$(TARGET_NAME)";
				SWIFT_EMIT_LOC_STRINGS = NO;
				SWIFT_VERSION = 5.0;
				TARGETED_DEVICE_FAMILY = "1,2";
				TEST_TARGET_NAME = Pokedex;
			};
			name = Debug;
		};
		55B4AE992F362F5D0073BD76 /* Release */ = {
			isa = XCBuildConfiguration;
			buildSettings = {
				ALWAYS_EMBED_SWIFT_STANDARD_LIBRARIES = YES;
				CODE_SIGN_STYLE = Automatic;
				CURRENT_PROJECT_VERSION = 1;
				GENERATE_INFOPLIST_FILE = YES;
				MARKETING_VERSION = 1.0;
				PRODUCT_BUNDLE_IDENTIFIER = com.pokegroup.PokedexUITests;
				PRODUCT_NAME = "$(TARGET_NAME)";
				SWIFT_EMIT_LOC_STRINGS = NO;
				SWIFT_VERSION = 5.0;
				TARGETED_DEVICE_FAMILY = "1,2";
				TEST_TARGET_NAME = Pokedex;
			};
			name = Release;
		};
/* End XCBuildConfiguration section */

/* Begin XCConfigurationList section */
		55B4AE682F362F5A0073BD76 /* Build configuration list for PBXProject "Pokedex" */ = {
			isa = XCConfigurationList;
			buildConfigurations = (
				55B4AE8F2F362F5D0073BD76 /* Debug */,
				55B4AE902F362F5D0073BD76 /* Release */,
			);
			defaultConfigurationIsVisible = 0;
			defaultConfigurationName = Release;
		};
		55B4AE912F362F5D0073BD76 /* Build configuration list for PBXNativeTarget "Pokedex" */ = {
			isa = XCConfigurationList;
			buildConfigurations = (
				55B4AE922F362F5D0073BD76 /* Debug */,
				55B4AE932F362F5D0073BD76 /* Release */,
			);
			defaultConfigurationIsVisible = 0;
			defaultConfigurationName = Release;
		};
		55B4AE942F362F5D0073BD76 /* Build configuration list for PBXNativeTarget "PokedexTests" */ = {
			isa = XCConfigurationList;
			buildConfigurations = (
				55B4AE952F362F5D0073BD76 /* Debug */,
				55B4AE962F362F5D0073BD76 /* Release */,
			);
			defaultConfigurationIsVisible = 0;
			defaultConfigurationName = Release;
		};
		55B4AE972F362F5D0073BD76 /* Build configuration list for PBXNativeTarget "PokedexUITests" */ = {
			isa = XCConfigurationList;
			buildConfigurations = (
				55B4AE982F362F5D0073BD76 /* Debug */,
				55B4AE992F362F5D0073BD76 /* Release */,
			);
			defaultConfigurationIsVisible = 0;
			defaultConfigurationName = Release;
		};
/* End XCConfigurationList section */
	};
	rootObject = 55B4AE652F362F5A0073BD76 /* Project object */;
}
